
Microsoft Visual Studio Solution File, Format Version 12.00
# Visual Studio Version 17
VisualStudioVersion = 17.0.31919.166
MinimumVisualStudioVersion = 10.0.40219.1
Project("{FAE04EC0-301F-11D3-BF4B-00C04F79EFBC}") = "CheckerBase", "CheckerBase\CheckerBase.csproj", "{063031A2-5390-4D36-A018-CF6808E8F572}"
EndProject
Global
	GlobalSection(SolutionConfigurationPlatforms) = preSolution
		Debug|Any CPU = Debug|Any CPU
		Release|Any CPU = Release|Any CPU
	EndGlobalSection
	GlobalSection(ProjectConfigurationPlatforms) = postSolution
		{063031A2-5390-4D36-A018-CF6808E8F572}.Debug|Any CPU.ActiveCfg = Debug|Any CPU
		{063031A2-5390-4D36-A018-CF6808E8F572}.Debug|Any CPU.Build.0 = Debug|Any CPU
		{063031A2-5390-4D36-A018-CF6808E8F572}.Release|Any CPU.ActiveCfg = Release|Any CPU
		{063031A2-5390-4D36-A018-CF6808E8F572}.Release|Any CPU.Build.0 = Release|Any CPU
	EndGlobalSection
	GlobalSection(SolutionProperties) = preSolution
		HideSolutionNode = FALSE
	EndGlobalSection
	GlobalSection(ExtensibilityGlobals) = postSolution
		SolutionGuid = {4C0C2A14-A8F8-4AC7-9D2A-C3A73F93C650}
	EndGlobalSection
EndGlobal
